cloud.google.com/go v0.4.1-0.20161129223714-a2e776edd7c5 h1:iROiPM+y2ws63Dl+6tDpf8T+UqkACoJLSpXD2z5Ew54=
cloud.google.com/go v0.4.1-0.20161129223714-a2e776edd7c5/go.mod h1:aQUYkXzVsufM+DwF1aE+0xfcU+56JwCaLick0ClmMTw=
github.com/Sirupsen/logrus v0.11.1-0.20161128225724-e400ff7861bc h1:kAjz8F3ye2YpfxEv+e08HZ33tU5DqOiy1io6ooGtHM0=
github.com/Sirupsen/logrus v0.11.1-0.20161128225724-e400ff7861bc/go.mod h1:rmk17hk6i8ZSAJkSDa7nOxamrG+SP4P0mm+DAvExv4U=
github.com/dustin/go-broadcast v0.0.0-20140627040055-3bdf6d4a7164/go.mod h1:kTEh6M2J/mh7nsskr28alwLCXm/DSG5OSA/o31yy2XU=
github.com/gin-gonic/gin v0.0.0-20161108173721-bb159f9260a2 h1:+3VaFWRSDqKVbTKm4gdwI1ik0ptziXcSx4aTNjhOdpo=
github.com/gin-gonic/gin v0.0.0-20161108173721-bb159f9260a2/go.mod h1:7cKuhb5qV2ggCFctp2fJQ+ErvciLZrIeoOSOm6mUr7Y=
github.com/golang/glog v0.0.0-20160126235308-23def4e6c14b/go.mod h1:SBH7ygxi8pfUlaOkMMuAQtPIUF8ecWP5IEl/CR7VP2Q=
github.com/golang/protobuf v0.0.0-20161117033126-8ee79997227b h1:fE/yi9pibxGEc0gSJuEShcsBXE2d5FW3OudsjE9tKzQ=
github.com/golang/protobuf v0.0.0-20161117033126-8ee79997227b/go.mod h1:6lQm79b+lXiMfvg/cZm0SGofjICqVBUtrP5yJMmIC1U=
github.com/googleapis/gax-go v0.0.0-20161107002406-da06d194a00e h1:CYRpN206UTHUinz3VJoLaBdy1gEGeJNsqT0mvswDcMw=
github.com/googleapis/gax-go v0.0.0-20161107002406-da06d194a00e/go.mod h1:SFVmujtThgffbyetf+mdk2eWhX2bMyUtNHzFKcPA9HY=
github.com/manucorporat/sse v0.0.0-20160126180136-ee05b128a739 h1:ykXz+pRRTibcSjG1yRhpdSHInF8yZY/mfn+Rz2Nd1rE=
github.com/manucorporat/sse v0.0.0-20160126180136-ee05b128a739/go.mod h1:zUx1mhth20V3VKgL5jbd1BSQcW4Fy6Qs4PZvQwRFwzM=
github.com/manucorporat/stats v0.0.0-20150531204625-8f2d6ace262e/go.mod h1:ruMr5t05gVho4tuDv0PbI0Bb8nOxc/5Y6JzRHe/yfA0=
github.com/stretchr/testify v1.1.5-0.20161117074351-18a02ba4a312/go.mod h1:a8OnRcib4nhh0OaRAV+Yts87kKdq0PP7pXfy6kDkUVs=
github.com/tstranex/u2f v0.0.0-20160508205855-eb799ce68da4 h1:aR+lGR8m0zBjvDlHkHOCmdsk79ipIPeiP75GqUlywKM=
github.com/tstranex/u2f v0.0.0-20160508205855-eb799ce68da4/go.mod h1:eahSLaqAS0zsIEv80+vXT7WanXs7MQQDg3j3wGBSayo=
go4.org v0.0.0-20161118210015-09d86de304dc/go.mod h1:MkTOUMDaeVYJUOUsaDXIhWPZYa1yOyC1qaOBpL57BhE=
golang.org/x/crypto v0.0.0-20161122142712-ede567c8e044/go.mod h1:6SG95UA2DQfeDnfUPMdvaQW0Q7yPrPDi9nlGo2tz2b4=
golang.org/x/net v0.0.0-20161116075034-4971afdc2f16 h1:x2xFZACPoDbV+g+48fDH/4EQTTNPgHTRko7g0JQiZws=
golang.org/x/net v0.0.0-20161116075034-4971afdc2f16/go.mod h1:mL1N/T3taQHkDXs73rZJwtUhF3w3ftmwwsq0BUmARs4=
golang.org/x/oauth2 v0.0.0-20161107203327-d5040cddfc0d h1:i+AOh+DT5jKYtDzAqLZuLpMrNMlnL+XwAHA7Kua7ydM=
golang.org/x/oauth2 v0.0.0-20161107203327-d5040cddfc0d/go.mod h1:N/0e6XlmueqKjAGxoOufVs8QHGRruUQn6yWY3a++T0U=
golang.org/x/sync v0.0.0-20161004233620-1ae7c7b29e06/go.mod h1:RxMgew5VJxzue5/jJTE5uejpjVlOe/izrB70Jof72aM=
golang.org/x/sys v0.0.0-20161129181419-d5645953809d/go.mod h1:STP8DvDyc/dI5b8T5hshtkjS+E42TnysNCUPdjciGhY=
google.golang.org/api v0.0.0-20161128233437-3cc2e591b550 h1:uCA0UjMtE0rb4S8hqNY/w7U9sWQibncV+QuBOBZaLlg=
google.golang.org/api v0.0.0-20161128233437-3cc2e591b550/go.mod h1:4mhQ8q/RsB7i+udVvVy5NUi08OU8ZlA0gRVgrF7VFY0=
google.golang.org/appengine v1.0.1-0.20161115221414-ca59ef35f409/go.mod h1:EbEs0AVv82hx2wNQdGPgUI5lhzA/G0D9YwlJXL52JkM=
google.golang.org/grpc v1.0.5-0.20161130015720-cc3363f26e0b h1:3DS8mmDr+mg0E2U6pR58cyIaRdE55WmfWheqf9Dgtz4=
google.golang.org/grpc v1.0.5-0.20161130015720-cc3363f26e0b/go.mod h1:yo6s7OP7yaDglbqo1J04qKzAhqBH6lvTonzMVmEdcZw=
gopkg.in/airbrake/gobrake.v2 v2.0.9/go.mod h1:/h5ZAUhDkGaJfjzjKLSjv6zCL6O0LLBxU4K+aSYdM/U=
gopkg.in/gemnasium/logrus-airbrake-hook.v2 v2.1.1/go.mod h1:Xk6kEKp8OKb+X14hQBKWaSkCsqBpgog8nAV2xsGOxlo=
gopkg.in/go-playground/validator.v8 v8.18.1 h1:F8SLY5Vqesjs1nI1EL4qmF1PQZ1sitsmq0rPYXLyfGU=
gopkg.in/go-playground/validator.v8 v8.18.1/go.mod h1:RX2a/7Ha8BgOhfk7j780h4/u/RRjR0eouCJSH80/M2Y=
gopkg.in/yaml.v2 v2.0.0-20160928153709-a5b47d31c556 h1:hKXbLW5oaJoQgs8KrzTLdF4PoHi+0oQPgea9TNtvE3E=
gopkg.in/yaml.v2 v2.0.0-20160928153709-a5b47d31c556/go.mod h1:JAlM8MvJe8wmxCU4Bli9HhUf9+ttbYbLASfIpnQbh74=
